version = 1
revision = 3
requires-python = ">=3.14"

[[package]]
name = "pillow"
version = "12.2.0"
source = { registry = "https://pypi.org/simple" }
sdist = { url = "https://files.pythonhosted.org/packages/8c/21/c2bcdd5906101a30244eaffc1b6e6ce71a31bd0742a01eb89e660ebfac2d/pillow-12.2.0.tar.gz", hash = "sha256:a830b1a40919539d07806aa58e1b114df53ddd43213d9c8b75847eee6c0182b5", size = 46987819, upload-time = "2026-04-01T14:46:17.687Z" }
wheels = [
    { url = "https://files.pythonhosted.org/packages/bf/98/4595daa2365416a86cb0d495248a393dfc84e96d62ad080c8546256cb9c0/pillow-12.2.0-cp314-cp314-ios_13_0_arm64_iphoneos.whl", hash = "sha256:3adc9215e8be0448ed6e814966ecf3d9952f0ea40eb14e89a102b87f450660d8", size = 4100848, upload-time = "2026-04-01T14:44:48.48Z" },
    { url = "https://files.pythonhosted.org/packages/0b/79/40184d464cf89f6663e18dfcf7ca21aae2491fff1a16127681bf1fa9b8cf/pillow-12.2.0-cp314-cp314-ios_13_0_arm64_iphonesimulator.whl", hash = "sha256:6a9adfc6d24b10f89588096364cc726174118c62130c817c2837c60cf08a392b", size = 4176515, upload-time = "2026-04-01T14:44:51.353Z" },
    { url = "https://files.pythonhosted.org/packages/b0/63/703f86fd4c422a9cf722833670f4f71418fb116b2853ff7da722ea43f184/pillow-12.2.0-cp314-cp314-ios_13_0_x86_64_iphonesimulator.whl", hash = "sha256:6a6e67ea2e6feda684ed370f9a1c52e7a243631c025ba42149a2cc5934dec295", size = 3640159, upload-time = "2026-04-01T14:44:53.588Z" },
    { url = "https://files.pythonhosted.org/packages/71/e0/fb22f797187d0be2270f83500aab851536101b254bfa1eae10795709d283/pillow-12.2.0-cp314-cp314-macosx_10_15_x86_64.whl", hash = "sha256:2bb4a8d594eacdfc59d9e5ad972aa8afdd48d584ffd5f13a937a664c3e7db0ed", size = 5312185, upload-time = "2026-04-01T14:44:56.039Z" },
    { url = "https://files.pythonhosted.org/packages/ba/8c/1a9e46228571de18f8e28f16fabdfc20212a5d019f3e3303452b3f0a580d/pillow-12.2.0-cp314-cp314-macosx_11_0_arm64.whl", hash = "sha256:80b2da48193b2f33ed0c32c38140f9d3186583ce7d516526d462645fd98660ae", size = 4695386, upload-time = "2026-04-01T14:44:58.663Z" },
    { url = "https://files.pythonhosted.org/packages/70/62/98f6b7f0c88b9addd0e87c217ded307b36be024d4ff8869a812b241d1345/pillow-12.2.0-cp314-cp314-manylinux2014_aarch64.manylinux_2_17_aarch64.whl", hash = "sha256:22db17c68434de69d8ecfc2fe821569195c0c373b25cccb9cbdacf2c6e53c601", size = 6280384, upload-time = "2026-04-01T14:45:01.5Z" },
    { url = "https://files.pythonhosted.org/packages/5e/03/688747d2e91cfbe0e64f316cd2e8005698f76ada3130d0194664174fa5de/pillow-12.2.0-cp314-cp314-manylinux2014_x86_64.manylinux_2_17_x86_64.whl", hash = "sha256:7b14cc0106cd9aecda615dd6903840a058b4700fcb817687d0ee4fc8b6e389be", size = 8091599, upload-time = "2026-04-01T14:45:04.5Z" },
    { url = "https://files.pythonhosted.org/packages/f6/35/577e22b936fcdd66537329b33af0b4ccfefaeabd8aec04b266528cddb33c/pillow-12.2.0-cp314-cp314-manylinux_2_27_aarch64.manylinux_2_28_aarch64.whl", hash = "sha256:8cbeb542b2ebc6fcdacabf8aca8c1a97c9b3ad3927d46b8723f9d4f033288a0f", size = 6396021, upload-time = "2026-04-01T14:45:07.117Z" },
    { url = "https://files.pythonhosted.org/packages/11/8d/d2532ad2a603ca2b93ad9f5135732124e57811d0168155852f37fbce2458/pillow-12.2.0-cp314-cp314-manylinux_2_27_x86_64.manylinux_2_28_x86_64.whl", hash = "sha256:4bfd07bc812fbd20395212969e41931001fd59eb55a60658b0e5710872e95286", size = 7083360, upload-time = "2026-04-01T14:45:09.763Z" },
    { url = "https://files.pythonhosted.org/packages/5e/26/d325f9f56c7e039034897e7380e9cc202b1e368bfd04d4cbe6a441f02885/pillow-12.2.0-cp314-cp314-musllinux_1_2_aarch64.whl", hash = "sha256:9aba9a17b623ef750a4d11b742cbafffeb48a869821252b30ee21b5e91392c50", size = 6507628, upload-time = "2026-04-01T14:45:12.378Z" },
    { url = "https://files.pythonhosted.org/packages/5f/f7/769d5632ffb0988f1c5e7660b3e731e30f7f8ec4318e94d0a5d674eb65a4/pillow-12.2.0-cp314-cp314-musllinux_1_2_x86_64.whl", hash = "sha256:deede7c263feb25dba4e82ea23058a235dcc2fe1f6021025dc71f2b618e26104", size = 7209321, upload-time = "2026-04-01T14:45:15.122Z" },
    { url = "https://files.pythonhosted.org/packages/6a/7a/c253e3c645cd47f1aceea6a8bacdba9991bf45bb7dfe927f7c893e89c93c/pillow-12.2.0-cp314-cp314-win32.whl", hash = "sha256:632ff19b2778e43162304d50da0181ce24ac5bb8180122cbe1bf4673428328c7", size = 6479723, upload-time = "2026-04-01T14:45:17.797Z" },
    { url = "https://files.pythonhosted.org/packages/cd/8b/601e6566b957ca50e28725cb6c355c59c2c8609751efbecd980db44e0349/pillow-12.2.0-cp314-cp314-win_amd64.whl", hash = "sha256:4e6c62e9d237e9b65fac06857d511e90d8461a32adcc1b9065ea0c0fa3a28150", size = 7217400, upload-time = "2026-04-01T14:45:20.529Z" },
    { url = "https://files.pythonhosted.org/packages/d6/94/220e46c73065c3e2951bb91c11a1fb636c8c9ad427ac3ce7d7f3359b9b2f/pillow-12.2.0-cp314-cp314-win_arm64.whl", hash = "sha256:b1c1fbd8a5a1af3412a0810d060a78b5136ec0836c8a4ef9aa11807f2a22f4e1", size = 2554835, upload-time = "2026-04-01T14:45:23.162Z" },
    { url = "https://files.pythonhosted.org/packages/b6/ab/1b426a3974cb0e7da5c29ccff4807871d48110933a57207b5a676cccc155/pillow-12.2.0-cp314-cp314t-macosx_10_15_x86_64.whl", hash = "sha256:57850958fe9c751670e49b2cecf6294acc99e562531f4bd317fa5ddee2068463", size = 5314225, upload-time = "2026-04-01T14:45:25.637Z" },
    { url = "https://files.pythonhosted.org/packages/19/1e/dce46f371be2438eecfee2a1960ee2a243bbe5e961890146d2dee1ff0f12/pillow-12.2.0-cp314-cp314t-macosx_11_0_arm64.whl", hash = "sha256:d5d38f1411c0ed9f97bcb49b7bd59b6b7c314e0e27420e34d99d844b9ce3b6f3", size = 4698541, upload-time = "2026-04-01T14:45:28.355Z" },
    { url = "https://files.pythonhosted.org/packages/55/c3/7fbecf70adb3a0c33b77a300dc52e424dc22ad8cdc06557a2e49523b703d/pillow-12.2.0-cp314-cp314t-manylinux2014_aarch64.manylinux_2_17_aarch64.whl", hash = "sha256:5c0a9f29ca8e79f09de89293f82fc9b0270bb4af1d58bc98f540cc4aedf03166", size = 6322251, upload-time = "2026-04-01T14:45:30.924Z" },
    { url = "https://files.pythonhosted.org/packages/1c/3c/7fbc17cfb7e4fe0ef1642e0abc17fc6c94c9f7a16be41498e12e2ba60408/pillow-12.2.0-cp314-cp314t-manylinux2014_x86_64.manylinux_2_17_x86_64.whl", hash = "sha256:1610dd6c61621ae1cf811bef44d77e149ce3f7b95afe66a4512f8c59f25d9ebe", size = 8127807, upload-time = "2026-04-01T14:45:33.908Z" },
    { url = "https://files.pythonhosted.org/packages/ff/c3/a8ae14d6defd2e448493ff512fae903b1e9bd40b72efb6ec55ce0048c8ce/pillow-12.2.0-cp314-cp314t-manylinux_2_27_aarch64.manylinux_2_28_aarch64.whl", hash = "sha256:0a34329707af4f73cf1782a36cd2289c0368880654a2c11f027bcee9052d35dd", size = 6433935, upload-time = "2026-04-01T14:45:36.623Z" },
    { url = "https://files.pythonhosted.org/packages/6e/32/2880fb3a074847ac159d8f902cb43278a61e85f681661e7419e6596803ed/pillow-12.2.0-cp314-cp314t-manylinux_2_27_x86_64.manylinux_2_28_x86_64.whl", hash = "sha256:8e9c4f5b3c546fa3458a29ab22646c1c6c787ea8f5ef51300e5a60300736905e", size = 7116720, upload-time = "2026-04-01T14:45:39.258Z" },
    { url = "https://files.pythonhosted.org/packages/46/87/495cc9c30e0129501643f24d320076f4cc54f718341df18cc70ec94c44e1/pillow-12.2.0-cp314-cp314t-musllinux_1_2_aarch64.whl", hash = "sha256:fb043ee2f06b41473269765c2feae53fc2e2fbf96e5e22ca94fb5ad677856f06", size = 6540498, upload-time = "2026-04-01T14:45:41.879Z" },
    { url = "https://files.pythonhosted.org/packages/18/53/773f5edca692009d883a72211b60fdaf8871cbef075eaa9d577f0a2f989e/pillow-12.2.0-cp314-cp314t-musllinux_1_2_x86_64.whl", hash = "sha256:f278f034eb75b4e8a13a54a876cc4a5ab39173d2cdd93a638e1b467fc545ac43", size = 7239413, upload-time = "2026-04-01T14:45:44.705Z" },
    { url = "https://files.pythonhosted.org/packages/c9/e4/4b64a97d71b2a83158134abbb2f5bd3f8a2ea691361282f010998f339ec7/pillow-12.2.0-cp314-cp314t-win32.whl", hash = "sha256:6bb77b2dcb06b20f9f4b4a8454caa581cd4dd0643a08bacf821216a16d9c8354", size = 6482084, upload-time = "2026-04-01T14:45:47.568Z" },
    { url = "https://files.pythonhosted.org/packages/ba/13/306d275efd3a3453f72114b7431c877d10b1154014c1ebbedd067770d629/pillow-12.2.0-cp314-cp314t-win_amd64.whl", hash = "sha256:6562ace0d3fb5f20ed7290f1f929cae41b25ae29528f2af1722966a0a02e2aa1", size = 7225152, upload-time = "2026-04-01T14:45:50.032Z" },
    { url = "https://files.pythonhosted.org/packages/ff/6e/cf826fae916b8658848d7b9f38d88da6396895c676e8086fc0988073aaf8/pillow-12.2.0-cp314-cp314t-win_arm64.whl", hash = "sha256:aa88ccfe4e32d362816319ed727a004423aab09c5cea43c01a4b435643fa34eb", size = 2556579, upload-time = "2026-04-01T14:45:52.529Z" },
]

[[package]]
name = "pwrstat-gui"
version = "0.1.0"
source = { virtual = "." }
dependencies = [
    { name = "pillow" },
    { name = "setproctitle" },
]

[package.metadata]
requires-dist = [
    { name = "pillow", specifier = ">=12.2.0" },
    { name = "setproctitle", specifier = ">=1.3.7" },
]

[[package]]
name = "setproctitle"
version = "1.3.7"
source = { registry = "https://pypi.org/simple" }
sdist = { url = "https://files.pythonhosted.org/packages/8d/48/49393a96a2eef1ab418b17475fb92b8fcfad83d099e678751b05472e69de/setproctitle-1.3.7.tar.gz", hash = "sha256:bc2bc917691c1537d5b9bca1468437176809c7e11e5694ca79a9ca12345dcb9e", size = 27002, upload-time = "2025-09-05T12:51:25.278Z" }
wheels = [
    { url = "https://files.pythonhosted.org/packages/89/c7/43ac3a98414f91d1b86a276bc2f799ad0b4b010e08497a95750d5bc42803/setproctitle-1.3.7-cp314-cp314-macosx_10_13_universal2.whl", hash = "sha256:80c36c6a87ff72eabf621d0c79b66f3bdd0ecc79e873c1e9f0651ee8bf215c63", size = 18052, upload-time = "2025-09-05T12:50:17.928Z" },
    { url = "https://files.pythonhosted.org/packages/cd/2c/dc258600a25e1a1f04948073826bebc55e18dbd99dc65a576277a82146fa/setproctitle-1.3.7-cp314-cp314-macosx_11_0_arm64.whl", hash = "sha256:b53602371a52b91c80aaf578b5ada29d311d12b8a69c0c17fbc35b76a1fd4f2e", size = 13071, upload-time = "2025-09-05T12:50:19.061Z" },
    { url = "https://files.pythonhosted.org/packages/ab/26/8e3bb082992f19823d831f3d62a89409deb6092e72fc6940962983ffc94f/setproctitle-1.3.7-cp314-cp314-manylinux1_x86_64.manylinux_2_28_x86_64.manylinux_2_5_x86_64.whl", hash = "sha256:fcb966a6c57cf07cc9448321a08f3be6b11b7635be502669bc1d8745115d7e7f", size = 33180, upload-time = "2025-09-05T12:50:20.395Z" },
    { url = "https://files.pythonhosted.org/packages/f1/af/ae692a20276d1159dd0cf77b0bcf92cbb954b965655eb4a69672099bb214/setproctitle-1.3.7-cp314-cp314-manylinux2014_aarch64.manylinux_2_17_aarch64.manylinux_2_28_aarch64.whl", hash = "sha256:46178672599b940368d769474fe13ecef1b587d58bb438ea72b9987f74c56ea5", size = 34043, upload-time = "2025-09-05T12:50:22.454Z" },
    { url = "https://files.pythonhosted.org/packages/34/b2/6a092076324dd4dac1a6d38482bedebbff5cf34ef29f58585ec76e47bc9d/setproctitle-1.3.7-cp314-cp314-manylinux2014_ppc64le.manylinux_2_17_ppc64le.manylinux_2_28_ppc64le.whl", hash = "sha256:7f9e9e3ff135cbcc3edd2f4cf29b139f4aca040d931573102742db70ff428c17", size = 35892, upload-time = "2025-09-05T12:50:23.937Z" },
    { url = "https://files.pythonhosted.org/packages/1c/1a/8836b9f28cee32859ac36c3df85aa03e1ff4598d23ea17ca2e96b5845a8f/setproctitle-1.3.7-cp314-cp314-musllinux_1_2_aarch64.whl", hash = "sha256:14c7eba8d90c93b0e79c01f0bd92a37b61983c27d6d7d5a3b5defd599113d60e", size = 32898, upload-time = "2025-09-05T12:50:25.617Z" },
    { url = "https://files.pythonhosted.org/packages/ef/22/8fabdc24baf42defb599714799d8445fe3ae987ec425a26ec8e80ea38f8e/setproctitle-1.3.7-cp314-cp314-musllinux_1_2_ppc64le.whl", hash = "sha256:9e64e98077fb30b6cf98073d6c439cd91deb8ebbf8fc62d9dbf52bd38b0c6ac0", size = 34308, upload-time = "2025-09-05T12:50:26.827Z" },
    { url = "https://files.pythonhosted.org/packages/15/1b/b9bee9de6c8cdcb3b3a6cb0b3e773afdb86bbbc1665a3bfa424a4294fda2/setproctitle-1.3.7-cp314-cp314-musllinux_1_2_x86_64.whl", hash = "sha256:b91387cc0f02a00ac95dcd93f066242d3cca10ff9e6153de7ee07069c6f0f7c8", size = 32536, upload-time = "2025-09-05T12:50:28.5Z" },
    { url = "https://files.pythonhosted.org/packages/37/0c/75e5f2685a5e3eda0b39a8b158d6d8895d6daf3ba86dec9e3ba021510272/setproctitle-1.3.7-cp314-cp314-win32.whl", hash = "sha256:52b054a61c99d1b72fba58b7f5486e04b20fefc6961cd76722b424c187f362ed", size = 12731, upload-time = "2025-09-05T12:50:43.955Z" },
    { url = "https://files.pythonhosted.org/packages/d2/ae/acddbce90d1361e1786e1fb421bc25baeb0c22ef244ee5d0176511769ec8/setproctitle-1.3.7-cp314-cp314-win_amd64.whl", hash = "sha256:5818e4080ac04da1851b3ec71e8a0f64e3748bf9849045180566d8b736702416", size = 13464, upload-time = "2025-09-05T12:50:45.057Z" },
    { url = "https://files.pythonhosted.org/packages/01/6d/20886c8ff2e6d85e3cabadab6aab9bb90acaf1a5cfcb04d633f8d61b2626/setproctitle-1.3.7-cp314-cp314t-macosx_10_13_universal2.whl", hash = "sha256:6fc87caf9e323ac426910306c3e5d3205cd9f8dcac06d233fcafe9337f0928a3", size = 18062, upload-time = "2025-09-05T12:50:29.78Z" },
    { url = "https://files.pythonhosted.org/packages/9a/60/26dfc5f198715f1343b95c2f7a1c16ae9ffa45bd89ffd45a60ed258d24ea/setproctitle-1.3.7-cp314-cp314t-macosx_11_0_arm64.whl", hash = "sha256:6134c63853d87a4897ba7d5cc0e16abfa687f6c66fc09f262bb70d67718f2309", size = 13075, upload-time = "2025-09-05T12:50:31.604Z" },
    { url = "https://files.pythonhosted.org/packages/21/9c/980b01f50d51345dd513047e3ba9e96468134b9181319093e61db1c47188/setproctitle-1.3.7-cp314-cp314t-manylinux1_x86_64.manylinux_2_28_x86_64.manylinux_2_5_x86_64.whl", hash = "sha256:1403d2abfd32790b6369916e2313dffbe87d6b11dca5bbd898981bcde48e7a2b", size = 34744, upload-time = "2025-09-05T12:50:32.777Z" },
    { url = "https://files.pythonhosted.org/packages/86/b4/82cd0c86e6d1c4538e1a7eb908c7517721513b801dff4ba3f98ef816a240/setproctitle-1.3.7-cp314-cp314t-manylinux2014_aarch64.manylinux_2_17_aarch64.manylinux_2_28_aarch64.whl", hash = "sha256:e7c5bfe4228ea22373e3025965d1a4116097e555ee3436044f5c954a5e63ac45", size = 35589, upload-time = "2025-09-05T12:50:34.13Z" },
    { url = "https://files.pythonhosted.org/packages/8a/4f/9f6b2a7417fd45673037554021c888b31247f7594ff4bd2239918c5cd6d0/setproctitle-1.3.7-cp314-cp314t-manylinux2014_ppc64le.manylinux_2_17_ppc64le.manylinux_2_28_ppc64le.whl", hash = "sha256:585edf25e54e21a94ccb0fe81ad32b9196b69ebc4fc25f81da81fb8a50cca9e4", size = 37698, upload-time = "2025-09-05T12:50:35.524Z" },
    { url = "https://files.pythonhosted.org/packages/20/92/927b7d4744aac214d149c892cb5fa6dc6f49cfa040cb2b0a844acd63dcaf/setproctitle-1.3.7-cp314-cp314t-musllinux_1_2_aarch64.whl", hash = "sha256:96c38cdeef9036eb2724c2210e8d0b93224e709af68c435d46a4733a3675fee1", size = 34201, upload-time = "2025-09-05T12:50:36.697Z" },
    { url = "https://files.pythonhosted.org/packages/0a/0c/fd4901db5ba4b9d9013e62f61d9c18d52290497f956745cd3e91b0d80f90/setproctitle-1.3.7-cp314-cp314t-musllinux_1_2_ppc64le.whl", hash = "sha256:45e3ef48350abb49cf937d0a8ba15e42cee1e5ae13ca41a77c66d1abc27a5070", size = 35801, upload-time = "2025-09-05T12:50:38.314Z" },
    { url = "https://files.pythonhosted.org/packages/e7/e3/54b496ac724e60e61cc3447f02690105901ca6d90da0377dffe49ff99fc7/setproctitle-1.3.7-cp314-cp314t-musllinux_1_2_x86_64.whl", hash = "sha256:1fae595d032b30dab4d659bece20debd202229fce12b55abab978b7f30783d73", size = 33958, upload-time = "2025-09-05T12:50:39.841Z" },
    { url = "https://files.pythonhosted.org/packages/ea/a8/c84bb045ebf8c6fdc7f7532319e86f8380d14bbd3084e6348df56bdfe6fd/setproctitle-1.3.7-cp314-cp314t-win32.whl", hash = "sha256:02432f26f5d1329ab22279ff863c83589894977063f59e6c4b4845804a08f8c2", size = 12745, upload-time = "2025-09-05T12:50:41.377Z" },
    { url = "https://files.pythonhosted.org/packages/08/b6/3a5a4f9952972791a9114ac01dfc123f0df79903577a3e0a7a404a695586/setproctitle-1.3.7-cp314-cp314t-win_amd64.whl", hash = "sha256:cbc388e3d86da1f766d8fc2e12682e446064c01cea9f88a88647cfe7c011de6a", size = 13469, upload-time = "2025-09-05T12:50:42.67Z" },
]
